
Microsoft Visual Studio Solution File, Format Version 12.00
# Visual Studio Version 16
VisualStudioVersion = 16.0.31911.196
MinimumVisualStudioVersion = 10.0.40219.1
Project("{9A19103F-16F7-4668-BE54-9A1E7A4F7556}") = "KampIntro", "KampIntro.csproj", "{4A3D665C-C8D5-4800-8CA3-30FFA3F50FCF}"
EndProject
Project("{9A19103F-16F7-4668-BE54-9A1E7A4F7556}") = "Donguler", "..\Donguler\Donguler.csproj", "{60826D90-3C78-464B-9654-36221672EE00}"
EndProject
Project("{9A19103F-16F7-4668-BE54-9A1E7A4F7556}") = "ClassIntro", "..\ClassIntro\ClassIntro.csproj", "{8FFF598D-FA99-4B91-BD96-AC0F8E1BB769}"
EndProject
Project("{FAE04EC0-301F-11D3-BF4B-00C04F79EFBC}") = "HomewoorkC2", "..\HomewoorkC2\HomewoorkC2.csproj", "{6B43B956-DD25-4BBA-A9C8-8ACA378912A5}"
EndProject
Global
	GlobalSection(SolutionConfigurationPlatforms) = preSolution
		Debug|Any CPU = Debug|Any CPU
		Release|Any CPU = Release|Any CPU
	EndGlobalSection
	GlobalSection(ProjectConfigurationPlatforms) = postSolution
		{4A3D665C-C8D5-4800-8CA3-30FFA3F50FCF}.Debug|Any CPU.ActiveCfg = Debug|Any CPU
		{4A3D665C-C8D5-4800-8CA3-30FFA3F50FCF}.Debug|Any CPU.Build.0 = Debug|Any CPU
		{4A3D665C-C8D5-4800-8CA3-30FFA3F50FCF}.Release|Any CPU.ActiveCfg = Release|Any CPU
		{4A3D665C-C8D5-4800-8CA3-30FFA3F50FCF}.Release|Any CPU.Build.0 = Release|Any CPU
		{60826D90-3C78-464B-9654-36221672EE00}.Debug|Any CPU.ActiveCfg = Debug|Any CPU
		{60826D90-3C78-464B-9654-36221672EE00}.Debug|Any CPU.Build.0 = Debug|Any CPU
		{60826D90-3C78-464B-9654-36221672EE00}.Release|Any CPU.ActiveCfg = Release|Any CPU
		{60826D90-3C78-464B-9654-36221672EE00}.Release|Any CPU.Build.0 = Release|Any CPU
		{8FFF598D-FA99-4B91-BD96-AC0F8E1BB769}.Debug|Any CPU.ActiveCfg = Debug|Any CPU
		{8FFF598D-FA99-4B91-BD96-AC0F8E1BB769}.Debug|Any CPU.Build.0 = Debug|Any CPU
		{8FFF598D-FA99-4B91-BD96-AC0F8E1BB769}.Release|Any CPU.ActiveCfg = Release|Any CPU
		{8FFF598D-FA99-4B91-BD96-AC0F8E1BB769}.Release|Any CPU.Build.0 = Release|Any CPU
		{6B43B956-DD25-4BBA-A9C8-8ACA378912A5}.Debug|Any CPU.ActiveCfg = Debug|Any CPU
		{6B43B956-DD25-4BBA-A9C8-8ACA378912A5}.Debug|Any CPU.Build.0 = Debug|Any CPU
		{6B43B956-DD25-4BBA-A9C8-8ACA378912A5}.Release|Any CPU.ActiveCfg = Release|Any CPU
		{6B43B956-DD25-4BBA-A9C8-8ACA378912A5}.Release|Any CPU.Build.0 = Release|Any CPU
	EndGlobalSection
	GlobalSection(SolutionProperties) = preSolution
		HideSolutionNode = FALSE
	EndGlobalSection
	GlobalSection(ExtensibilityGlobals) = postSolution
		SolutionGuid = {7B8EFA53-8CA5-434F-A4B9-91F91FF281F5}
	EndGlobalSection
EndGlobal
